# This file is autogenerated, do not edit; changes may be undone by the next 'dep ensure'.


[[projects]]
  digest = "1:80154261f3a8bd25b0c4f229fa007ebe8f1fef3b7be9363512b0e72b1543ce70"
  name = "github.com/disintegration/imaging"
  packages = ["."]
  pruneopts = "UT"
  revision = "9aab30e6aa535fe3337b489b76759ef97dfaf362"
  version = "v1.6.1"

[[projects]]
  digest = "1:57ae8919194013fb07b8390fb8a32e700c12fdab96e8dc4bb15d5fe45dc43245"
  name = "github.com/gobuffalo/envy"
  packages = ["."]
  pruneopts = "UT"
  revision = "909ea676d4c90832fefbf55a5a4fb04d8bef8931"
  version = "v1.7.1"

[[projects]]
  digest = "1:40849e8495ef81a84ff335ef65e23d33671b61e60e9db464fbab55f19f43f120"
  name = "github.com/gobuffalo/packd"
  packages = [
    ".",
    "internal/takeon/github.com/markbates/errx",
  ]
  pruneopts = "UT"
  revision = "54ea459691466cfb630ccc276723fe3963f3e9d5"
  version = "v0.3.0"

[[projects]]
  digest = "1:c2417313bfb312a0c21d33638681bd7390fdf0fb0113dd2a155416d1d0ff4e8d"
  name = "github.com/gobuffalo/packr"
  packages = ["."]
  pruneopts = "UT"
  revision = "b6d537d853119bfd3a31fe49edf53418ce3a00e9"
  version = "v2.6.0"

[[projects]]
  digest = "1:cbec35fe4d5a4fba369a656a8cd65e244ea2c743007d8f6c1ccb132acf9d1296"
  name = "github.com/gorilla/mux"
  packages = ["."]
  pruneopts = "UT"
  revision = "00bdffe0f3c77e27d2cf6f5c70232a2d3e4d9c15"
  version = "v1.7.3"

[[projects]]
  digest = "1:ecd9aa82687cf31d1585d4ac61d0ba180e42e8a6182b85bd785fcca8dfeefc1b"
  name = "github.com/joho/godotenv"
  packages = ["."]
  pruneopts = "UT"
  revision = "23d116af351c84513e1946b527c88823e476be13"
  version = "v1.3.0"

[[projects]]
  digest = "1:e09ada96a5a41deda4748b1659cc8953961799e798aea557257b56baee4ecaf3"
  name = "github.com/rogpeppe/go-internal"
  packages = [
    "modfile",
    "module",
    "semver",
  ]
  pruneopts = "UT"
  revision = "18d060b6b4f28350cb92f79d63b2f558e634dcea"
  version = "v1.3.2"

[[projects]]
  branch = "master"
  digest = "1:1ca6ea3e1d42e6929a96a8131fe72738f07b3bb84875cacd05a2d9a6108806f9"
  name = "golang.org/x/image"
  packages = [
    "bmp",
    "ccitt",
    "tiff",
    "tiff/lzw",
  ]
  pruneopts = "UT"
  revision = "69e4b8554b2a817a1f0015867f0858d02801f0f5"

[solve-meta]
  analyzer-name = "dep"
  analyzer-version = 1
  input-imports = [
    "github.com/disintegration/imaging",
    "github.com/gobuffalo/packr",
    "github.com/gorilla/mux",
    "golang.org/x/image/tiff",
  ]
  solver-name = "gps-cdcl"
  solver-version = 1
